Microsoft Visual Studio Solution File, Format Version 12.00
# Visual Studio Version 17
VisualStudioVersion = 17.5.2.0
MinimumVisualStudioVersion = 10.0.40219.1
Project("{FAE04EC0-301F-11D3-BF4B-00C04F79EFBC}") = "O2OBackend.Api", "O2OBackend.Api.csproj", "{C54C0518-7E1D-FB3B-F3CB-0BFCEAD270D8}"
EndProject
Global
	GlobalSection(SolutionConfigurationPlatforms) = preSolution
		Debug|Any CPU = Debug|Any CPU
		Release|Any CPU = Release|Any CPU
	EndGlobalSection
	GlobalSection(ProjectConfigurationPlatforms) = postSolution
		{C54C0518-7E1D-FB3B-F3CB-0BFCEAD270D8}.Debug|Any CPU.ActiveCfg = Debug|Any CPU
		{C54C0518-7E1D-FB3B-F3CB-0BFCEAD270D8}.Debug|Any CPU.Build.0 = Debug|Any CPU
		{C54C0518-7E1D-FB3B-F3CB-0BFCEAD270D8}.Release|Any CPU.ActiveCfg = Release|Any CPU
		{C54C0518-7E1D-FB3B-F3CB-0BFCEAD270D8}.Release|Any CPU.Build.0 = Release|Any CPU
	EndGlobalSection
	GlobalSection(SolutionProperties) = preSolution
		HideSolutionNode = FALSE
	EndGlobalSection
	GlobalSection(ExtensibilityGlobals) = postSolution
		SolutionGuid = {DAACC8A0-2ADD-4552-B110-E2BCAE10D751}
	EndGlobalSection
EndGlobal
